
Microsoft Visual Studio Solution File, Format Version 12.00
# Visual Studio Version 17
VisualStudioVersion = 17.9.34714.143
MinimumVisualStudioVersion = 10.0.40219.1
Project("{FAE04EC0-301F-11D3-BF4B-00C04F79EFBC}") = "RabbitMq.Sender", "RabbitMq.Sender\RabbitMq.Sender.csproj", "{6AA47927-7A64-4043-8A16-DBA2378B3703}"
EndProject
Project("{FAE04EC0-301F-11D3-BF4B-00C04F79EFBC}") = "RabbitMq.Reciever", "RabbitMq.Reciever\RabbitMq.Reciever.csproj", "{89952BD5-27F5-44F5-A1BA-D40D5DB5408F}"
EndProject
Global
	GlobalSection(SolutionConfigurationPlatforms) = preSolution
		Debug|Any CPU = Debug|Any CPU
		Release|Any CPU = Release|Any CPU
	EndGlobalSection
	GlobalSection(ProjectConfigurationPlatforms) = postSolution
		{6AA47927-7A64-4043-8A16-DBA2378B3703}.Debug|Any CPU.ActiveCfg = Debug|Any CPU
		{6AA47927-7A64-4043-8A16-DBA2378B3703}.Debug|Any CPU.Build.0 = Debug|Any CPU
		{6AA47927-7A64-4043-8A16-DBA2378B3703}.Release|Any CPU.ActiveCfg = Release|Any CPU
		{6AA47927-7A64-4043-8A16-DBA2378B3703}.Release|Any CPU.Build.0 = Release|Any CPU
		{89952BD5-27F5-44F5-A1BA-D40D5DB5408F}.Debug|Any CPU.ActiveCfg = Debug|Any CPU
		{89952BD5-27F5-44F5-A1BA-D40D5DB5408F}.Debug|Any CPU.Build.0 = Debug|Any CPU
		{89952BD5-27F5-44F5-A1BA-D40D5DB5408F}.Release|Any CPU.ActiveCfg = Release|Any CPU
		{89952BD5-27F5-44F5-A1BA-D40D5DB5408F}.Release|Any CPU.Build.0 = Release|Any CPU
	EndGlobalSection
	GlobalSection(SolutionProperties) = preSolution
		HideSolutionNode = FALSE
	EndGlobalSection
	GlobalSection(ExtensibilityGlobals) = postSolution
		SolutionGuid = {4A24A9C3-B77F-41E4-B74A-4554FFED8FF5}
	EndGlobalSection
EndGlobal
